
Microsoft Visual Studio Solution File, Format Version 12.00
# Visual Studio Version 17
VisualStudioVersion = 17.8.34525.116
MinimumVisualStudioVersion = 10.0.40219.1
Project("{FAE04EC0-301F-11D3-BF4B-00C04F79EFBC}") = "Midterm1", "Midterm1.csproj", "{1E9103A6-E361-4DA5-B063-3A7774561272}"
EndProject
Global
	GlobalSection(SolutionConfigurationPlatforms) = preSolution
		Debug|Any CPU = Debug|Any CPU
		Release|Any CPU = Release|Any CPU
	EndGlobalSection
	GlobalSection(ProjectConfigurationPlatforms) = postSolution
		{1E9103A6-E361-4DA5-B063-3A7774561272}.Debug|Any CPU.ActiveCfg = Debug|Any CPU
		{1E9103A6-E361-4DA5-B063-3A7774561272}.Debug|Any CPU.Build.0 = Debug|Any CPU
		{1E9103A6-E361-4DA5-B063-3A7774561272}.Release|Any CPU.ActiveCfg = Release|Any CPU
		{1E9103A6-E361-4DA5-B063-3A7774561272}.Release|Any CPU.Build.0 = Release|Any CPU
	EndGlobalSection
	GlobalSection(SolutionProperties) = preSolution
		HideSolutionNode = FALSE
	EndGlobalSection
	GlobalSection(ExtensibilityGlobals) = postSolution
		SolutionGuid = {69F7BE70-7C76-4127-A80A-16E4442AE4AC}
	EndGlobalSection
EndGlobal
